// !$*UTF8*$!
{
	archiveVersion = 1;
	classes = {
	};
	objectVersion = 46;
	objects = {

/* Begin PBXBuildFile section */
		B10469FD1A7EFBF30017187F /* AppDelegate.swift in Sources */ = {isa = PBXBuildFile; fileRef = B10469FC1A7EFBF30017187F /* AppDelegate.swift */; };
		B10469FF1A7EFBF30017187F /* ViewController.swift in Sources */ = {isa = PBXBuildFile; fileRef = B10469FE1A7EFBF30017187F /* ViewController.swift */; };
		B1046A041A7EFBF30017187F /* Images.xcassets in Resources */ = {isa = PBXBuildFile; fileRef = B1046A031A7EFBF30017187F /* Images.xcassets */; };
		B1046A071A7EFBF30017187F /* LaunchScreen.xib in Resources */ = {isa = PBXBuildFile; fileRef = B1046A051A7EFBF30017187F /* LaunchScreen.xib */; };
		B1046A131A7EFBF30017187F /* AdaptiveAutoLayoutTests.swift in Sources */ = {isa = PBXBuildFile; fileRef = B1046A121A7EFBF30017187F /* AdaptiveAutoLayoutTests.swift */; };
		DA2CB4E18295184AEBC70D2D /* Pods.framework in Frameworks */ = {isa = PBXBuildFile; fileRef = BBEE6B5A2789C514B455E707 /* Pods.framework */; settings = {ATTRIBUTES = (Weak, ); }; };
/* End PBXBuildFile section */

/* Begin PBXContainerItemProxy section */
		B1046A0D1A7EFBF30017187F /* PBXContainerItemProxy */ = {
			isa = PBXContainerItemProxy;
			containerPortal = B10469EF1A7EFBF30017187F /* Project object */;
			proxyType = 1;
			remoteGlobalIDString = B10469F61A7EFBF30017187F;
			remoteInfo = AdaptiveAutoLayout;
		};
/* End PBXContainerItemProxy section */

/* Begin PBXFileReference section */
		2D01FA5D08A78F8264E6854C /* Pods.release.xcconfig */ = {isa = PBXFileReference; includeInIndex = 1; lastKnownFileType = text.xcconfig; name = Pods.release.xcconfig; path = "Pods/Target Support Files/Pods/Pods.release.xcconfig"; sourceTree = "<group>"; };
		B10469F71A7EFBF30017187F /* AdaptiveAutoLayout.app */ = {isa = PBXFileReference; explicitFileType = wrapper.application; includeInIndex = 0; path = AdaptiveAutoLayout.app; sourceTree = BUILT_PRODUCTS_DIR; };
		B10469FB1A7EFBF30017187F /* Info.plist */ = {isa = PBXFileReference; lastKnownFileType = text.plist.xml; path = Info.plist; sourceTree = "<group>"; };
		B10469FC1A7EFBF30017187F /* AppDelegate.swift */ = {isa = PBXFileReference; lastKnownFileType = sourcecode.swift; path = AppDelegate.swift; sourceTree = "<group>"; };
		B10469FE1A7EFBF30017187F /* ViewController.swift */ = {isa = PBXFileReference; lastKnownFileType = sourcecode.swift; path = ViewController.swift; sourceTree = "<group>"; };
		B1046A031A7EFBF30017187F /* Images.xcassets */ = {isa = PBXFileReference; lastKnownFileType = folder.assetcatalog; path = Images.xcassets; sourceTree = "<group>"; };
		B1046A061A7EFBF30017187F /* Base */ = {isa = PBXFileReference; lastKnownFileType = file.xib; name = Base; path = Base.lproj/LaunchScreen.xib; sourceTree = "<group>"; };
		B1046A0C1A7EFBF30017187F /* AdaptiveAutoLayoutTests.xctest */ = {isa = PBXFileReference; explicitFileType = wrapper.cfbundle; includeInIndex = 0; path = AdaptiveAutoLayoutTests.xctest; sourceTree = BUILT_PRODUCTS_DIR; };
		B1046A111A7EFBF30017187F /* Info.plist */ = {isa = PBXFileReference; lastKnownFileType = text.plist.xml; path = Info.plist; sourceTree = "<group>"; };
		B1046A121A7EFBF30017187F /* AdaptiveAutoLayoutTests.swift */ = {isa = PBXFileReference; lastKnownFileType = sourcecode.swift; path = AdaptiveAutoLayoutTests.swift; sourceTree = "<group>"; };
		B1046A3B1A7F02F00017187F /* AdaptiveAutoLayout-Bridging-Header.h */ = {isa = PBXFileReference; lastKnownFileType = sourcecode.c.h; path = "AdaptiveAutoLayout-Bridging-Header.h"; sourceTree = "<group>"; };
		BBEE6B5A2789C514B455E707 /* Pods.framework */ = {isa = PBXFileReference; explicitFileType = wrapper.framework; includeInIndex = 0; path = Pods.framework; sourceTree = BUILT_PRODUCTS_DIR; };
		E969F6494E6A3490355FC555 /* Pods.debug.xcconfig */ = {isa = PBXFileReference; includeInIndex = 1; lastKnownFileType = text.xcconfig; name = Pods.debug.xcconfig; path = "Pods/Target Support Files/Pods/Pods.debug.xcconfig"; sourceTree = "<group>"; };
/* End PBXFileReference section */

/* Begin PBXFrameworksBuildPhase section */
		B10469F41A7EFBF30017187F /* Frameworks */ = {
			isa = PBXFrameworksBuildPhase;
			buildActionMask = 2147483647;
			files = (
				DA2CB4E18295184AEBC70D2D /* Pods.framework in Frameworks */,
			);
			runOnlyForDeploymentPostprocessing = 0;
		};
		B1046A091A7EFBF30017187F /* Frameworks */ = {
			isa = PBXFrameworksBuildPhase;
			buildActionMask = 2147483647;
			files = (
			);
			runOnlyForDeploymentPostprocessing = 0;
		};
/* End PBXFrameworksBuildPhase section */

/* Begin PBXGroup section */
		6DEFA24722800D0AAE06E630 /* Frameworks */ = {
			isa = PBXGroup;
			children = (
				BBEE6B5A2789C514B455E707 /* Pods.framework */,
			);
			name = Frameworks;
			sourceTree = "<group>";
		};
		A7EE20C354BD254FE187DDF6 /* Pods */ = {
			isa = PBXGroup;
			children = (
				E969F6494E6A3490355FC555 /* Pods.debug.xcconfig */,
				2D01FA5D08A78F8264E6854C /* Pods.release.xcconfig */,
			);
			name = Pods;
			sourceTree = "<group>";
		};
		B10469EE1A7EFBF30017187F = {
			isa = PBXGroup;
			children = (
				B10469F91A7EFBF30017187F /* AdaptiveAutoLayout */,
				B1046A0F1A7EFBF30017187F /* AdaptiveAutoLayoutTests */,
				B10469F81A7EFBF30017187F /* Products */,
				A7EE20C354BD254FE187DDF6 /* Pods */,
				6DEFA24722800D0AAE06E630 /* Frameworks */,
			);
			sourceTree = "<group>";
		};
		B10469F81A7EFBF30017187F /* Products */ = {
			isa = PBXGroup;
			children = (
				B10469F71A7EFBF30017187F /* AdaptiveAutoLayout.app */,
				B1046A0C1A7EFBF30017187F /* AdaptiveAutoLayoutTests.xctest */,
			);
			name = Products;
			sourceTree = "<group>";
		};
		B10469F91A7EFBF30017187F /* AdaptiveAutoLayout */ = {
			isa = PBXGroup;
			children = (
				B10469FC1A7EFBF30017187F /* AppDelegate.swift */,
				B10469FE1A7EFBF30017187F /* ViewController.swift */,
				B1046A3B1A7F02F00017187F /* AdaptiveAutoLayout-Bridging-Header.h */,
				B1046A031A7EFBF30017187F /* Images.xcassets */,
				B1046A051A7EFBF30017187F /* LaunchScreen.xib */,
				B10469FA1A7EFBF30017187F /* Supporting Files */,
			);
			path = AdaptiveAutoLayout;
			sourceTree = "<group>";
		};
		B10469FA1A7EFBF30017187F /* Supporting Files */ = {
			isa = PBXGroup;
			children = (
				B10469FB1A7EFBF30017187F /* Info.plist */,
			);
			name = "Supporting Files";
			sourceTree = "<group>";
		};
		B1046A0F1A7EFBF30017187F /* AdaptiveAutoLayoutTests */ = {
			isa = PBXGroup;
			children = (
				B1046A121A7EFBF30017187F /* AdaptiveAutoLayoutTests.swift */,
				B1046A101A7EFBF30017187F /* Supporting Files */,
			);
			path = AdaptiveAutoLayoutTests;
			sourceTree = "<group>";
		};
		B1046A101A7EFBF30017187F /* Supporting Files */ = {
			isa = PBXGroup;
			children = (
				B1046A111A7EFBF30017187F /* Info.plist */,
			);
			name = "Supporting Files";
			sourceTree = "<group>";
		};
/* End PBXGroup section */

/* Begin PBXNativeTarget section */
		B10469F61A7EFBF30017187F /* AdaptiveAutoLayout */ = {
			isa = PBXNativeTarget;
			buildConfigurationList = B1046A161A7EFBF30017187F /* Build configuration list for PBXNativeTarget "AdaptiveAutoLayout" */;
			buildPhases = (
				37CB941D990C89783D9F1ACE /* Check Pods Manifest.lock */,
				B10469F31A7EFBF30017187F /* Sources */,
				B10469F41A7EFBF30017187F /* Frameworks */,
				B10469F51A7EFBF30017187F /* Resources */,
				EAE3E397FAC922DA7E0E014B /* Copy Pods Resources */,
				E7AC754B9C9E28166A6E2A40 /* Embed Pods Frameworks */,
			);
			buildRules = (
			);
			dependencies = (
			);
			name = AdaptiveAutoLayout;
			productName = AdaptiveAutoLayout;
			productReference = B10469F71A7EFBF30017187F /* AdaptiveAutoLayout.app */;
			productType = "com.apple.product-type.application";
		};
		B1046A0B1A7EFBF30017187F /* AdaptiveAutoLayoutTests */ = {
			isa = PBXNativeTarget;
			buildConfigurationList = B1046A191A7EFBF30017187F /* Build configuration list for PBXNativeTarget "AdaptiveAutoLayoutTests" */;
			buildPhases = (
				B1046A081A7EFBF30017187F /* Sources */,
				B1046A091A7EFBF30017187F /* Frameworks */,
				B1046A0A1A7EFBF30017187F /* Resources */,
			);
			buildRules = (
			);
			dependencies = (
				B1046A0E1A7EFBF30017187F /* PBXTargetDependency */,
			);
			name = AdaptiveAutoLayoutTests;
			productName = AdaptiveAutoLayoutTests;
			productReference = B1046A0C1A7EFBF30017187F /* AdaptiveAutoLayoutTests.xctest */;
			productType = "com.apple.product-type.bundle.unit-test";
		};
/* End PBXNativeTarget section */

/* Begin PBXProject section */
		B10469EF1A7EFBF30017187F /* Project object */ = {
			isa = PBXProject;
			attributes = {
				LastSwiftMigration = 0700;
				LastSwiftUpdateCheck = 0700;
				LastUpgradeCheck = 0610;
				TargetAttributes = {
					B10469F61A7EFBF30017187F = {
						CreatedOnToolsVersion = 6.1.1;
					};
					B1046A0B1A7EFBF30017187F = {
						CreatedOnToolsVersion = 6.1.1;
						TestTargetID = B10469F61A7EFBF30017187F;
					};
				};
			};
			buildConfigurationList = B10469F21A7EFBF30017187F /* Build configuration list for PBXProject "AdaptiveAutoLayout" */;
			compatibilityVersion = "Xcode 3.2";
			developmentRegion = English;
			hasScannedForEncodings = 0;
			knownRegions = (
				en,
				Base,
			);
			mainGroup = B10469EE1A7EFBF30017187F;
			productRefGroup = B10469F81A7EFBF30017187F /* Products */;
			projectDirPath = "";
			projectRoot = "";
			targets = (
				B10469F61A7EFBF30017187F /* AdaptiveAutoLayout */,
				B1046A0B1A7EFBF30017187F /* AdaptiveAutoLayoutTests */,
			);
		};
/* End PBXProject section */

/* Begin PBXResourcesBuildPhase section */
		B10469F51A7EFBF30017187F /* Resources */ = {
			isa = PBXResourcesBuildPhase;
			buildActionMask = 2147483647;
			files = (
				B1046A071A7EFBF30017187F /* LaunchScreen.xib in Resources */,
				B1046A041A7EFBF30017187F /* Images.xcassets in Resources */,
			);
			runOnlyForDeploymentPostprocessing = 0;
		};
		B1046A0A1A7EFBF30017187F /* Resources */ = {
			isa = PBXResourcesBuildPhase;
			buildActionMask = 2147483647;
			files = (
			);
			runOnlyForDeploymentPostprocessing = 0;
		};
/* End PBXResourcesBuildPhase section */

/* Begin PBXShellScriptBuildPhase section */
		37CB941D990C89783D9F1ACE /* Check Pods Manifest.lock */ = {
			isa = PBXShellScriptBuildPhase;
			buildActionMask = 2147483647;
			files = (
			);
			inputPaths = (
			);
			name = "Check Pods Manifest.lock";
			outputPaths = (
			);
			runOnlyForDeploymentPostprocessing = 0;
			shellPath = /bin/sh;
			shellScript = "diff \"${PODS_ROOT}/../Podfile.lock\" \"${PODS_ROOT}/Manifest.lock\" > /dev/null\nif [[ $? != 0 ]] ; then\n    cat << EOM\nerror: The sandbox is not in sync with the Podfile.lock. Run 'pod install' or update your CocoaPods installation.\nEOM\n    exit 1\nfi\n";
			showEnvVarsInLog = 0;
		};
		E7AC754B9C9E28166A6E2A40 /* Embed Pods Frameworks */ = {
			isa = PBXShellScriptBuildPhase;
			buildActionMask = 2147483647;
			files = (
			);
			inputPaths = (
			);
			name = "Embed Pods Frameworks";
			outputPaths = (
			);
			runOnlyForDeploymentPostprocessing = 0;
			shellPath = /bin/sh;
			shellScript = "\"${SRCROOT}/Pods/Target Support Files/Pods/Pods-frameworks.sh\"\n";
			showEnvVarsInLog = 0;
		};
		EAE3E397FAC922DA7E0E014B /* Copy Pods Resources */ = {
			isa = PBXShellScriptBuildPhase;
			buildActionMask = 2147483647;
			files = (
			);
			inputPaths = (
			);
			name = "Copy Pods Resources";
			outputPaths = (
			);
			runOnlyForDeploymentPostprocessing = 0;
			shellPath = /bin/sh;
			shellScript = "\"${SRCROOT}/Pods/Target Support Files/Pods/Pods-resources.sh\"\n";
			showEnvVarsInLog = 0;
		};
/* End PBXShellScriptBuildPhase section */

/* Begin PBXSourcesBuildPhase section */
		B10469F31A7EFBF30017187F /* Sources */ = {
			isa = PBXSourcesBuildPhase;
			buildActionMask = 2147483647;
			files = (
				B10469FF1A7EFBF30017187F /* ViewController.swift in Sources */,
				B10469FD1A7EFBF30017187F /* AppDelegate.swift in Sources */,
			);
			runOnlyForDeploymentPostprocessing = 0;
		};
		B1046A081A7EFBF30017187F /* Sources */ = {
			isa = PBXSourcesBuildPhase;
			buildActionMask = 2147483647;
			files = (
				B1046A131A7EFBF30017187F /* AdaptiveAutoLayoutTests.swift in Sources */,
			);
			runOnlyForDeploymentPostprocessing = 0;
		};
/* End PBXSourcesBuildPhase section */

/* Begin PBXTargetDependency section */
		B1046A0E1A7EFBF30017187F /* PBXTargetDependency */ = {
			isa = PBXTargetDependency;
			target = B10469F61A7EFBF30017187F /* AdaptiveAutoLayout */;
			targetProxy = B1046A0D1A7EFBF30017187F /* PBXContainerItemProxy */;
		};
/* End PBXTargetDependency section */

/* Begin PBXVariantGroup section */
		B1046A051A7EFBF30017187F /* LaunchScreen.xib */ = {
			isa = PBXVariantGroup;
			children = (
				B1046A061A7EFBF30017187F /* Base */,
			);
			name = LaunchScreen.xib;
			sourceTree = "<group>";
		};
/* End PBXVariantGroup section */

/* Begin XCBuildConfiguration section */
		B1046A141A7EFBF30017187F /* Debug */ = {
			isa = XCBuildConfiguration;
			buildSettings = {
				ALWAYS_SEARCH_USER_PATHS = NO;
				CLANG_CXX_LANGUAGE_STANDARD = "gnu++0x";
				CLANG_CXX_LIBRARY = "libc++";
				CLANG_ENABLE_MODULES = YES;
				CLANG_ENABLE_OBJC_ARC = YES;
				CLANG_WARN_BOOL_CONVERSION = YES;
				CLANG_WARN_CONSTANT_CONVERSION = YES;
				CLANG_WARN_DIRECT_OBJC_ISA_USAGE = YES_ERROR;
				CLANG_WARN_EMPTY_BODY = YES;
				CLANG_WARN_ENUM_CONVERSION = YES;
				CLANG_WARN_INT_CONVERSION = YES;
				CLANG_WARN_OBJC_ROOT_CLASS = YES_ERROR;
				CLANG_WARN_UNREACHABLE_CODE = YES;
				CLANG_WARN__DUPLICATE_METHOD_MATCH = YES;
				"CODE_SIGN_IDENTITY[sdk=iphoneos*]" = "iPhone Developer";
				COPY_PHASE_STRIP = NO;
				ENABLE_STRICT_OBJC_MSGSEND = YES;
				GCC_C_LANGUAGE_STANDARD = gnu99;
				GCC_DYNAMIC_NO_PIC = NO;
				GCC_OPTIMIZATION_LEVEL = 0;
				GCC_PREPROCESSOR_DEFINITIONS = (
					"DEBUG=1",
					"$(inherited)",
				);
				GCC_SYMBOLS_PRIVATE_EXTERN = NO;
				GCC_WARN_64_TO_32_BIT_CONVERSION = YES;
				GCC_WARN_ABOUT_RETURN_TYPE = YES_ERROR;
				GCC_WARN_UNDECLARED_SELECTOR = YES;
				GCC_WARN_UNINITIALIZED_AUTOS = YES_AGGRESSIVE;
				GCC_WARN_UNUSED_FUNCTION = YES;
				GCC_WARN_UNUSED_VARIABLE = YES;
				IPHONEOS_DEPLOYMENT_TARGET = 8.1;
				MTL_ENABLE_DEBUG_INFO = YES;
				ONLY_ACTIVE_ARCH = YES;
				SDKROOT = iphoneos;
				SWIFT_OPTIMIZATION_LEVEL = "-Onone";
				TARGETED_DEVICE_FAMILY = "1,2";
			};
			name = Debug;
		};
		B1046A151A7EFBF30017187F /* Release */ = {
			isa = XCBuildConfiguration;
			buildSettings = {
				ALWAYS_SEARCH_USER_PATHS = NO;
				CLANG_CXX_LANGUAGE_STANDARD = "gnu++0x";
				CLANG_CXX_LIBRARY = "libc++";
				CLANG_ENABLE_MODULES = YES;
				CLANG_ENABLE_OBJC_ARC = YES;
				CLANG_WARN_BOOL_CONVERSION = YES;
				CLANG_WARN_CONSTANT_CONVERSION = YES;
				CLANG_WARN_DIRECT_OBJC_ISA_USAGE = YES_ERROR;
				CLANG_WARN_EMPTY_BODY = YES;
				CLANG_WARN_ENUM_CONVERSION = YES;
				CLANG_WARN_INT_CONVERSION = YES;
				CLANG_WARN_OBJC_ROOT_CLASS = YES_ERROR;
				CLANG_WARN_UNREACHABLE_CODE = YES;
				CLANG_WARN__DUPLICATE_METHOD_MATCH = YES;
				"CODE_SIGN_IDENTITY[sdk=iphoneos*]" = "iPhone Developer";
				COPY_PHASE_STRIP = YES;
				ENABLE_NS_ASSERTIONS = NO;
				ENABLE_STRICT_OBJC_MSGSEND = YES;
				GCC_C_LANGUAGE_STANDARD = gnu99;
				GCC_WARN_64_TO_32_BIT_CONVERSION = YES;
				GCC_WARN_ABOUT_RETURN_TYPE = YES_ERROR;
				GCC_WARN_UNDECLARED_SELECTOR = YES;
				GCC_WARN_UNINITIALIZED_AUTOS = YES_AGGRESSIVE;
				GCC_WARN_UNUSED_FUNCTION = YES;
				GCC_WARN_UNUSED_VARIABLE = YES;
				IPHONEOS_DEPLOYMENT_TARGET = 8.1;
				MTL_ENABLE_DEBUG_INFO = NO;
				SDKROOT = iphoneos;
				TARGETED_DEVICE_FAMILY = "1,2";
				VALIDATE_PRODUCT = YES;
			};
			name = Release;
		};
		B1046A171A7EFBF30017187F /* Debug */ = {
			isa = XCBuildConfiguration;
			baseConfigurationReference = E969F6494E6A3490355FC555 /* Pods.debug.xcconfig */;
			buildSettings = {
				ASSETCATALOG_COMPILER_APPICON_NAME = AppIcon;
				CLANG_ENABLE_MODULES = YES;
				INFOPLIST_FILE = AdaptiveAutoLayout/Info.plist;
				LD_RUNPATH_SEARCH_PATHS = "$(inherited) @executable_path/Frameworks";
				PRODUCT_NAME = "$(TARGET_NAME)";
				SWIFT_OBJC_BRIDGING_HEADER = "AdaptiveAutoLayout/AdaptiveAutoLayout-Bridging-Header.h";
				SWIFT_OPTIMIZATION_LEVEL = "-Onone";
			};
			name = Debug;
		};
		B1046A181A7EFBF30017187F /* Release */ = {
			isa = XCBuildConfiguration;
			baseConfigurationReference = 2D01FA5D08A78F8264E6854C /* Pods.release.xcconfig */;
			buildSettings = {
				ASSETCATALOG_COMPILER_APPICON_NAME = AppIcon;
				CLANG_ENABLE_MODULES = YES;
				INFOPLIST_FILE = AdaptiveAutoLayout/Info.plist;
				LD_RUNPATH_SEARCH_PATHS = "$(inherited) @executable_path/Frameworks";
				PRODUCT_NAME = "$(TARGET_NAME)";
				SWIFT_OBJC_BRIDGING_HEADER = "AdaptiveAutoLayout/AdaptiveAutoLayout-Bridging-Header.h";
			};
			name = Release;
		};
		B1046A1A1A7EFBF30017187F /* Debug */ = {
			isa = XCBuildConfiguration;
			buildSettings = {
				BUNDLE_LOADER = "$(TEST_HOST)";
				FRAMEWORK_SEARCH_PATHS = (
					"$(SDKROOT)/Developer/Library/Frameworks",
					"$(inherited)",
				);
				GCC_PREPROCESSOR_DEFINITIONS = (
					"DEBUG=1",
					"$(inherited)",
				);
				INFOPLIST_FILE = AdaptiveAutoLayoutTests/Info.plist;
				LD_RUNPATH_SEARCH_PATHS = "$(inherited) @executable_path/Frameworks @loader_path/Frameworks";
				PRODUCT_NAME = "$(TARGET_NAME)";
				TEST_HOST = "$(BUILT_PRODUCTS_DIR)/AdaptiveAutoLayout.app/AdaptiveAutoLayout";
			};
			name = Debug;
		};
		B1046A1B1A7EFBF30017187F /* Release */ = {
			isa = XCBuildConfiguration;
			buildSettings = {
				BUNDLE_LOADER = "$(TEST_HOST)";
				FRAMEWORK_SEARCH_PATHS = (
					"$(SDKROOT)/Developer/Library/Frameworks",
					"$(inherited)",
				);
				INFOPLIST_FILE = AdaptiveAutoLayoutTests/Info.plist;
				LD_RUNPATH_SEARCH_PATHS = "$(inherited) @executable_path/Frameworks @loader_path/Frameworks";
				PRODUCT_NAME = "$(TARGET_NAME)";
				TEST_HOST = "$(BUILT_PRODUCTS_DIR)/AdaptiveAutoLayout.app/AdaptiveAutoLayout";
			};
			name = Release;
		};
/* End XCBuildConfiguration section */

/* Begin XCConfigurationList section */
		B10469F21A7EFBF30017187F /* Build configuration list for PBXProject "AdaptiveAutoLayout" */ = {
			isa = XCConfigurationList;
			buildConfigurations = (
				B1046A141A7EFBF30017187F /* Debug */,
				B1046A151A7EFBF30017187F /* Release */,
			);
			defaultConfigurationIsVisible = 0;
			defaultConfigurationName = Release;
		};
		B1046A161A7EFBF30017187F /* Build configuration list for PBXNativeTarget "AdaptiveAutoLayout" */ = {
			isa = XCConfigurationList;
			buildConfigurations = (
				B1046A171A7EFBF30017187F /* Debug */,
				B1046A181A7EFBF30017187F /* Release */,
			);
			defaultConfigurationIsVisible = 0;
			defaultConfigurationName = Release;
		};
		B1046A191A7EFBF30017187F /* Build configuration list for PBXNativeTarget "AdaptiveAutoLayoutTests" */ = {
			isa = XCConfigurationList;
			buildConfigurations = (
				B1046A1A1A7EFBF30017187F /* Debug */,
				B1046A1B1A7EFBF30017187F /* Release */,
			);
			defaultConfigurationIsVisible = 0;
			defaultConfigurationName = Release;
		};
/* End XCConfigurationList section */
	};
	rootObject = B10469EF1A7EFBF30017187F /* Project object */;
}
